
Microsoft Visual Studio Solution File, Format Version 12.00
# Visual Studio 15
VisualStudioVersion = 15.0.26730.15
MinimumVisualStudioVersion = 10.0.40219.1
Project("{FAE04EC0-301F-11D3-BF4B-00C04F79EFBC}") = "L2S", "L2S\L2S.csproj", "{442A87F0-70E8-48B1-89A3-A5A90E1D9FF6}"
EndProject
Project("{FAE04EC0-301F-11D3-BF4B-00C04F79EFBC}") = "L2S.Tests", "L2S.Tests\L2S.Tests.csproj", "{EA9A509E-D3EE-4FFE-A81C-B7EE2200AB4F}"
EndProject
Global
	GlobalSection(SolutionConfigurationPlatforms) = preSolution
		Debug|Any CPU = Debug|Any CPU
		Release|Any CPU = Release|Any CPU
	EndGlobalSection
	GlobalSection(ProjectConfigurationPlatforms) = postSolution
		{442A87F0-70E8-48B1-89A3-A5A90E1D9FF6}.Debug|Any CPU.ActiveCfg = Debug|Any CPU
		{442A87F0-70E8-48B1-89A3-A5A90E1D9FF6}.Debug|Any CPU.Build.0 = Debug|Any CPU
		{442A87F0-70E8-48B1-89A3-A5A90E1D9FF6}.Release|Any CPU.ActiveCfg = Release|Any CPU
		{442A87F0-70E8-48B1-89A3-A5A90E1D9FF6}.Release|Any CPU.Build.0 = Release|Any CPU
		{EA9A509E-D3EE-4FFE-A81C-B7EE2200AB4F}.Debug|Any CPU.ActiveCfg = Debug|Any CPU
		{EA9A509E-D3EE-4FFE-A81C-B7EE2200AB4F}.Debug|Any CPU.Build.0 = Debug|Any CPU
		{EA9A509E-D3EE-4FFE-A81C-B7EE2200AB4F}.Release|Any CPU.ActiveCfg = Release|Any CPU
		{EA9A509E-D3EE-4FFE-A81C-B7EE2200AB4F}.Release|Any CPU.Build.0 = Release|Any CPU
	EndGlobalSection
	GlobalSection(SolutionProperties) = preSolution
		HideSolutionNode = FALSE
	EndGlobalSection
	GlobalSection(ExtensibilityGlobals) = postSolution
		SolutionGuid = {F1C335FF-7359-473D-971B-E8D6D5952A0E}
	EndGlobalSection
EndGlobal
